
Microsoft Visual Studio Solution File, Format Version 12.00
# Visual Studio 15
VisualStudioVersion = 15.0.27130.0
MinimumVisualStudioVersion = 10.0.40219.1
Project("{FAE04EC0-301F-11D3-BF4B-00C04F79EFBC}") = "ChallongeStats", "ChallongeStats\ChallongeStats.csproj", "{D2BD94C1-79F9-431C-93C1-537BDC7F7EC6}"
EndProject
Global
	GlobalSection(SolutionConfigurationPlatforms) = preSolution
		Debug|Any CPU = Debug|Any CPU
		Release|Any CPU = Release|Any CPU
	EndGlobalSection
	GlobalSection(ProjectConfigurationPlatforms) = postSolution
		{D2BD94C1-79F9-431C-93C1-537BDC7F7EC6}.Debug|Any CPU.ActiveCfg = Debug|Any CPU
		{D2BD94C1-79F9-431C-93C1-537BDC7F7EC6}.Debug|Any CPU.Build.0 = Debug|Any CPU
		{D2BD94C1-79F9-431C-93C1-537BDC7F7EC6}.Release|Any CPU.ActiveCfg = Release|Any CPU
		{D2BD94C1-79F9-431C-93C1-537BDC7F7EC6}.Release|Any CPU.Build.0 = Release|Any CPU
	EndGlobalSection
	GlobalSection(SolutionProperties) = preSolution
		HideSolutionNode = FALSE
	EndGlobalSection
	GlobalSection(ExtensibilityGlobals) = postSolution
		SolutionGuid = {86AED59E-E416-4A0C-8B8C-6C54A390F5F1}
	EndGlobalSection
EndGlobal
